
Microsoft Visual Studio Solution File, Format Version 12.00
# Visual Studio Version 17
VisualStudioVersion = 17.4.33213.308
MinimumVisualStudioVersion = 10.0.40219.1
Project("{FAE04EC0-301F-11D3-BF4B-00C04F79EFBC}") = "JwtNetBlog", "JwtNetBlog\JwtNetBlog.csproj", "{8E351472-D2FB-4AF7-A6CE-F4F27CF210E8}"
EndProject
Global
	GlobalSection(SolutionConfigurationPlatforms) = preSolution
		Debug|Any CPU = Debug|Any CPU
		Release|Any CPU = Release|Any CPU
	EndGlobalSection
	GlobalSection(ProjectConfigurationPlatforms) = postSolution
		{8E351472-D2FB-4AF7-A6CE-F4F27CF210E8}.Debug|Any CPU.ActiveCfg = Debug|Any CPU
		{8E351472-D2FB-4AF7-A6CE-F4F27CF210E8}.Debug|Any CPU.Build.0 = Debug|Any CPU
		{8E351472-D2FB-4AF7-A6CE-F4F27CF210E8}.Release|Any CPU.ActiveCfg = Release|Any CPU
		{8E351472-D2FB-4AF7-A6CE-F4F27CF210E8}.Release|Any CPU.Build.0 = Release|Any CPU
	EndGlobalSection
	GlobalSection(SolutionProperties) = preSolution
		HideSolutionNode = FALSE
	EndGlobalSection
	GlobalSection(ExtensibilityGlobals) = postSolution
		SolutionGuid = {8FA449AC-A3AB-49C7-BBE5-4B046AE5E818}
	EndGlobalSection
EndGlobal
